github.com/davecgh/go-spew v1.1.1 h1:vj9j/u1bqnvCEfJOwUhtlOARqs3+rkHYY13jYWTU97c=
github.com/davecgh/go-spew v1.1.1/go.mod h1:J7Y8YcW2NihsgmVo/mv3lAwl/skON4iLHjSsI+c5H38=
github.com/halimath/expect v0.5.1 h1:RJ9WolOvpNZSbnmGBamTaS/YcVbl07cU175z4RUlkJg=
github.com/halimath/expect v0.5.1/go.mod h1:JQW7orDfymPLKrvFgWl12qL2Q6bBXbRDg1S1PMgRI9A=
github.com/halimath/fsx v0.0.0-20240304090537-61da67dbdfd8 h1:wwdkNK67S+v2NZ7DxlTE92Y05dMcfV2Zm6n/ipnMo64=
github.com/halimath/fsx v0.0.0-20240304090537-61da67dbdfd8/go.mod h1:sgBW7UdsN/P3ekCfJDT+DMd8uEI6XRot0VNJFSHRk9U=
github.com/halimath/glob v0.0.0-20240305210839-5b9d6e76f6fc h1:EtnoJSwMYBYUq2WEfhPRd2C/xX33XVW82ssyxx1p6hY=
github.com/halimath/glob v0.0.0-20240305210839-5b9d6e76f6fc/go.mod h1:3qIwM2YknUVZiHf3vRWym3wPxrw/sD6JoatQEPIqN5w=
github.com/ocuroot/gittools v0.0.6 h1:u74Nld6jwSukWoLTEO99Jq8w4018b7WQ8A4epDWVJjI=
github.com/ocuroot/gittools v0.0.6/go.mod h1:P1JPg9N9xTbmew7IjgmGDeBAk9K4I/vcWsLRXBiEQF8=
github.com/oklog/ulid/v2 v2.1.0 h1:+9lhoxAP56we25tyYETBBY1YLA2SaoLvUFgrP2miPJU=
github.com/oklog/ulid/v2 v2.1.0/go.mod h1:rcEKHmBBKfef9DhnvX7y1HZBYxjXb0cP5ExxNsTT1QQ=
github.com/pmezard/go-difflib v1.0.0 h1:4DBwDE0NGyQoBHbLQYPwSUPoCMWR5BEzIk/f1lZbAQM=
github.com/pmezard/go-difflib v1.0.0/go.mod h1:iKH77koFhYxTK1pcRnkKkqfTogsbg7gZNVY4sRDYZ/4=
github.com/stretchr/testify v1.10.0 h1:Xv5erBjTwe/5IxqUQTdXv5kgmIvbHo3QQyRwhJsOfJA=
github.com/stretchr/testify v1.10.0/go.mod h1:r2ic/lqez/lEtzL7wO/rwa5dbSLXVDPFyf8C91i36aY=
gopkg.in/check.v1 v0.0.0-20161208181325-20d25e280405 h1:yhCVgyC4o1eVCa2tZl7eS0r+SDo693bJlVdllGtEeKM=
gopkg.in/check.v1 v0.0.0-20161208181325-20d25e280405/go.mod h1:Co6ibVJAznAaIkqp8huTwlJQCZ016jof/cbN4VW5Yz0=
gopkg.in/yaml.v3 v3.0.1 h1:fxVm/GzAzEWqLHuvctI91KS9hhNmmWOoWu0XTYJS7CA=
gopkg.in/yaml.v3 v3.0.1/go.mod h1:K4uyk7z7BCEPqu6E+C64Yfv1cQ7kz7rIZviUmN+EgEM=
